{
  "requires": true,
  "lockfileVersion": 1,
  "dependencies": {
    "@types/graphql": {
      "version": "https://registry.npmjs.org/@types/graphql/-/graphql-0.9.4.tgz",
      "integrity": "sha1-zetry++bbFhDdLgap/SOzz2kBPo="
    },
    "after": {
      "version": "https://registry.npmjs.org/after/-/after-0.8.2.tgz",
      "integrity": "sha1-/ts5T58OAqqXaOcCvaI7UF+ufh8="
    },
    "arraybuffer.slice": {
      "version": "https://registry.npmjs.org/arraybuffer.slice/-/arraybuffer.slice-0.0.6.tgz",
      "integrity": "sha1-8zshWfBTKj8xB6JywMz70a0peco="
    },
    "babel-plugin-root-import": {
      "version": "https://registry.npmjs.org/babel-plugin-root-import/-/babel-plugin-root-import-5.1.0.tgz",
      "integrity": "sha1-gOoc1ZRbRjpeP34gSmlHjFc+Mow=",
      "requires": {
        "slash": "https://registry.npmjs.org/slash/-/slash-1.0.0.tgz"
      }
    },
    "backo2": {
      "version": "https://registry.npmjs.org/backo2/-/backo2-1.0.2.tgz",
      "integrity": "sha1-MasayLEpNjRj41s+u2n038+6eUc="
    },
    "base64-arraybuffer": {
      "version": "https://registry.npmjs.org/base64-arraybuffer/-/base64-arraybuffer-0.1.5.tgz",
      "integrity": "sha1-c5JncZI7Whl0etZmqlzUv5xunOg="
    },
    "better-assert": {
      "version": "https://registry.npmjs.org/better-assert/-/better-assert-1.0.2.tgz",
      "integrity": "sha1-QIZrnhueC1W0gYlDEeaPr/rrxSI=",
      "requires": {
        "callsite": "https://registry.npmjs.org/callsite/-/callsite-1.0.0.tgz"
      }
    },
    "blob": {
      "version": "https://registry.npmjs.org/blob/-/blob-0.0.4.tgz",
      "integrity": "sha1-vPEwUspURj8w+fx+lbmkdjCpSSE="
    },
    "callsite": {
      "version": "https://registry.npmjs.org/callsite/-/callsite-1.0.0.tgz",
      "integrity": "sha1-KAOY5dZkvXQDi28JBRU+borxvCA="
    },
    "component-bind": {
      "version": "https://registry.npmjs.org/component-bind/-/component-bind-1.0.0.tgz",
      "integrity": "sha1-AMYIq33Nk4l8AAllGx06jh5zu9E="
    },
    "component-emitter": {
      "version": "https://registry.npmjs.org/component-emitter/-/component-emitter-1.2.1.tgz",
      "integrity": "sha1-E3kY1teCg/ffemt8WmPhQOaUJeY="
    },
    "component-inherit": {
      "version": "https://registry.npmjs.org/component-inherit/-/component-inherit-0.0.3.tgz",
      "integrity": "sha1-ZF/ErfWLcrZJ1crmUTVhnbJv8UM="
    },
    "debug": {
      "version": "https://registry.npmjs.org/debug/-/debug-2.6.8.tgz",
      "integrity": "sha1-5zFTHKLt4n0YgiJCfaF4IdaP9Pw=",
      "requires": {
        "ms": "https://registry.npmjs.org/ms/-/ms-2.0.0.tgz"
      }
    },
    "engine.io-client": {
      "version": "https://registry.npmjs.org/engine.io-client/-/engine.io-client-3.1.1.tgz",
      "integrity": "sha1-QVqYUrrbFPoAj6PvHjFgjbZ2EyU=",
      "requires": {
        "component-emitter": "https://registry.npmjs.org/component-emitter/-/component-emitter-1.2.1.tgz",
        "component-inherit": "https://registry.npmjs.org/component-inherit/-/component-inherit-0.0.3.tgz",
        "debug": "https://registry.npmjs.org/debug/-/debug-2.6.8.tgz",
        "engine.io-parser": "https://registry.npmjs.org/engine.io-parser/-/engine.io-parser-2.1.1.tgz",
        "has-cors": "https://registry.npmjs.org/has-cors/-/has-cors-1.1.0.tgz",
        "indexof": "https://registry.npmjs.org/indexof/-/indexof-0.0.1.tgz",
        "parsejson": "https://registry.npmjs.org/parsejson/-/parsejson-0.0.3.tgz",
        "parseqs": "https://registry.npmjs.org/parseqs/-/parseqs-0.0.5.tgz",
        "parseuri": "https://registry.npmjs.org/parseuri/-/parseuri-0.0.5.tgz",
        "ws": "https://registry.npmjs.org/ws/-/ws-2.3.1.tgz",
        "xmlhttprequest-ssl": "https://registry.npmjs.org/xmlhttprequest-ssl/-/xmlhttprequest-ssl-1.5.3.tgz",
        "yeast": "https://registry.npmjs.org/yeast/-/yeast-0.1.2.tgz"
      }
    },
    "engine.io-parser": {
      "version": "https://registry.npmjs.org/engine.io-parser/-/engine.io-parser-2.1.1.tgz",
      "integrity": "sha1-4Ps/DgRi9/WLt3waUun1p+JuRmg=",
      "requires": {
        "after": "https://registry.npmjs.org/after/-/after-0.8.2.tgz",
        "arraybuffer.slice": "https://registry.npmjs.org/arraybuffer.slice/-/arraybuffer.slice-0.0.6.tgz",
        "base64-arraybuffer": "https://registry.npmjs.org/base64-arraybuffer/-/base64-arraybuffer-0.1.5.tgz",
        "blob": "https://registry.npmjs.org/blob/-/blob-0.0.4.tgz",
        "has-binary2": "https://registry.npmjs.org/has-binary2/-/has-binary2-1.0.2.tgz"
      }
    },
    "es6-promise": {
      "version": "https://registry.npmjs.org/es6-promise/-/es6-promise-4.1.1.tgz",
      "integrity": "sha1-iBHpCRXZoNujYnTwskLb2nj5ySo="
    },
    "graphql-subscriptions": {
      "version": "https://registry.npmjs.org/graphql-subscriptions/-/graphql-subscriptions-0.4.4.tgz",
      "integrity": "sha1-Oc/zLQjdPJkBE4ZLq3cVRANyfps=",
      "requires": {
        "@types/graphql": "https://registry.npmjs.org/@types/graphql/-/graphql-0.9.4.tgz",
        "es6-promise": "https://registry.npmjs.org/es6-promise/-/es6-promise-4.1.1.tgz",
        "iterall": "https://registry.npmjs.org/iterall/-/iterall-1.1.1.tgz"
      }
    },
    "has-binary2": {
      "version": "https://registry.npmjs.org/has-binary2/-/has-binary2-1.0.2.tgz",
      "integrity": "sha1-6D26SfC5vk0CbSc2U1DZ8D9Uvpg=",
      "requires": {
        "isarray": "https://registry.npmjs.org/isarray/-/isarray-2.0.1.tgz"
      }
    },
    "has-cors": {
      "version": "https://registry.npmjs.org/has-cors/-/has-cors-1.1.0.tgz",
      "integrity": "sha1-XkdHk/fqmEPRu5nCPu9J/xJv/zk="
    },
    "indexof": {
      "version": "https://registry.npmjs.org/indexof/-/indexof-0.0.1.tgz",
      "integrity": "sha1-gtwzbSMrkGIXnQWrMpOmYFn9Q10="
    },
    "isarray": {
      "version": "https://registry.npmjs.org/isarray/-/isarray-2.0.1.tgz",
      "integrity": "sha1-o32U7ZzaLVmGXJ92/llu4fM4dB4="
    },
    "iterall": {
      "version": "https://registry.npmjs.org/iterall/-/iterall-1.1.1.tgz",
      "integrity": "sha1-9/CvEemgTsZCYmD1AZ2fzKTVAhQ="
    },
    "lodash": {
      "version": "4.17.4",
      "resolved": "https://registry.npmjs.org/lodash/-/lodash-4.17.4.tgz",
      "integrity": "sha1-eCA6TRwyiuHYbcpkYONptX9AVa4="
    },
    "ms": {
      "version": "https://registry.npmjs.org/ms/-/ms-2.0.0.tgz",
      "integrity": "sha1-VgiurfwAvmwpAd9fmGF4jeDVl8g="
    },
    "object-component": {
      "version": "https://registry.npmjs.org/object-component/-/object-component-0.0.3.tgz",
      "integrity": "sha1-8MaapQ78lbhmwYb0AKM3acsvEpE="
    },
    "parsejson": {
      "version": "https://registry.npmjs.org/parsejson/-/parsejson-0.0.3.tgz",
      "integrity": "sha1-q343WfIJ7OmUN5c/fQ8fZK4OZKs=",
      "requires": {
        "better-assert": "https://registry.npmjs.org/better-assert/-/better-assert-1.0.2.tgz"
      }
    },
    "parseqs": {
      "version": "https://registry.npmjs.org/parseqs/-/parseqs-0.0.5.tgz",
      "integrity": "sha1-1SCKNzjkZ2bikbouoXNoSSGouJ0=",
      "requires": {
        "better-assert": "https://registry.npmjs.org/better-assert/-/better-assert-1.0.2.tgz"
      }
    },
    "parseuri": {
      "version": "https://registry.npmjs.org/parseuri/-/parseuri-0.0.5.tgz",
      "integrity": "sha1-gCBKUNTbt3m/3G6+J3jZDkvOMgo=",
      "requires": {
        "better-assert": "https://registry.npmjs.org/better-assert/-/better-assert-1.0.2.tgz"
      }
    },
    "react-dnd-html5-backend": {
      "version": "2.4.1",
      "resolved": "https://registry.npmjs.org/react-dnd-html5-backend/-/react-dnd-html5-backend-2.4.1.tgz",
      "integrity": "sha1-Q50ryvi9i4elE4a+tRwSiCYYLd0=",
      "requires": {
        "lodash": "4.17.4"
      }
    },
    "safe-buffer": {
      "version": "https://registry.npmjs.org/safe-buffer/-/safe-buffer-5.0.1.tgz",
      "integrity": "sha1-0mPKVGls2KMGtcplUekt5XkY++c="
    },
    "slash": {
      "version": "https://registry.npmjs.org/slash/-/slash-1.0.0.tgz",
      "integrity": "sha1-xB8vbDn8FtHNF61LXYlhFK5HDVU="
    },
    "socket.io-client": {
      "version": "https://registry.npmjs.org/socket.io-client/-/socket.io-client-2.0.3.tgz",
      "integrity": "sha1-bK9K/5+FsZ/ZG2zhPWmttWT4hzs=",
      "requires": {
        "backo2": "https://registry.npmjs.org/backo2/-/backo2-1.0.2.tgz",
        "base64-arraybuffer": "https://registry.npmjs.org/base64-arraybuffer/-/base64-arraybuffer-0.1.5.tgz",
        "component-bind": "https://registry.npmjs.org/component-bind/-/component-bind-1.0.0.tgz",
        "component-emitter": "https://registry.npmjs.org/component-emitter/-/component-emitter-1.2.1.tgz",
        "debug": "https://registry.npmjs.org/debug/-/debug-2.6.8.tgz",
        "engine.io-client": "https://registry.npmjs.org/engine.io-client/-/engine.io-client-3.1.1.tgz",
        "has-cors": "https://registry.npmjs.org/has-cors/-/has-cors-1.1.0.tgz",
        "indexof": "https://registry.npmjs.org/indexof/-/indexof-0.0.1.tgz",
        "object-component": "https://registry.npmjs.org/object-component/-/object-component-0.0.3.tgz",
        "parseqs": "https://registry.npmjs.org/parseqs/-/parseqs-0.0.5.tgz",
        "parseuri": "https://registry.npmjs.org/parseuri/-/parseuri-0.0.5.tgz",
        "socket.io-parser": "https://registry.npmjs.org/socket.io-parser/-/socket.io-parser-3.1.2.tgz",
        "to-array": "https://registry.npmjs.org/to-array/-/to-array-0.1.4.tgz"
      }
    },
    "socket.io-parser": {
      "version": "https://registry.npmjs.org/socket.io-parser/-/socket.io-parser-3.1.2.tgz",
      "integrity": "sha1-28IoIVH8T6675Aru3Ady66YZ9/I=",
      "requires": {
        "component-emitter": "https://registry.npmjs.org/component-emitter/-/component-emitter-1.2.1.tgz",
        "debug": "https://registry.npmjs.org/debug/-/debug-2.6.8.tgz",
        "has-binary2": "https://registry.npmjs.org/has-binary2/-/has-binary2-1.0.2.tgz",
        "isarray": "https://registry.npmjs.org/isarray/-/isarray-2.0.1.tgz"
      }
    },
    "to-array": {
      "version": "https://registry.npmjs.org/to-array/-/to-array-0.1.4.tgz",
      "integrity": "sha1-F+bBH3PdTz10zaek/zI46a2b+JA="
    },
    "ultron": {
      "version": "https://registry.npmjs.org/ultron/-/ultron-1.1.0.tgz",
      "integrity": "sha1-sHoualQagV/Go0zNRTO67DB8qGQ="
    },
    "ws": {
      "version": "https://registry.npmjs.org/ws/-/ws-2.3.1.tgz",
      "integrity": "sha1-a5Sz5EfLajY/eF6vlK9jWejoHIA=",
      "requires": {
        "safe-buffer": "https://registry.npmjs.org/safe-buffer/-/safe-buffer-5.0.1.tgz",
        "ultron": "https://registry.npmjs.org/ultron/-/ultron-1.1.0.tgz"
      }
    },
    "xmlhttprequest-ssl": {
      "version": "https://registry.npmjs.org/xmlhttprequest-ssl/-/xmlhttprequest-ssl-1.5.3.tgz",
      "integrity": "sha1-GFqIjATspGw+QHDZn3tJ3jUomS0="
    },
    "yeast": {
      "version": "https://registry.npmjs.org/yeast/-/yeast-0.1.2.tgz",
      "integrity": "sha1-AI4G2AlDIMNy28L47XagymyKxBk="
    }
  }
}
